{
  "version": 2,
  "dependencies": {
    "net10.0": {
      "tokenvampire.application": {
        "type": "Project",
        "dependencies": {
          "TokenVampire.Domain": "[1.0.0, )"
        }
      },
      "tokenvampire.domain": {
        "type": "Project"
      },
      "tokenvampire.infrastructure": {
        "type": "Project",
        "dependencies": {
          "TokenVampire.Application": "[1.0.0, )",
          "TokenVampire.Domain": "[1.0.0, )"
        }
      }
    }
  }
}